<?xml version="1.0" encoding="utf-8"?>
<Project ToolsVersion="4.0" xmlns="http://schemas.microsoft.com/developer/msbuild/2003">
  <ItemGroup>
    <Filter Include="ソース ファイル">
      <UniqueIdentifier>{4FC737F1-C7A5-4376-A066-2A32D752A2FF}</UniqueIdentifier>
      <Extensions>cpp;c;cc;cxx;c++;cppm;ixx;def;odl;idl;hpj;bat;asm;asmx</Extensions>
    </Filter>
    <Filter Include="ヘッダー ファイル">
      <UniqueIdentifier>{93995380-89BD-4b04-88EB-625FBE52EBFB}</UniqueIdentifier>
      <Extensions>h;hh;hpp;hxx;h++;hm;inl;inc;ipp;xsd</Extensions>
    </Filter>
    <Filter Include="リソース ファイル">
      <UniqueIdentifier>{67DA6AB6-F800-4c08-8B7A-83BB121AAD01}</UniqueIdentifier>
      <Extensions>rc;ico;cur;bmp;dlg;rc2;rct;bin;rgs;gif;jpg;jpeg;jpe;resx;tiff;tif;png;wav;mfcribbon-ms</Extensions>
    </Filter>
    <Filter Include="ソース ファイル\model">
      <UniqueIdentifier>{782e1aaf-f953-4888-9a67-1ae0f887b0bc}</UniqueIdentifier>
    </Filter>
    <Filter Include="ソース ファイル\renderer">
      <UniqueIdentifier>{63bd2a98-238e-4e1f-9130-cf86ed974440}</UniqueIdentifier>
    </Filter>
    <Filter Include="ソース ファイル\geometry">
      <UniqueIdentifier>{e3e3d948-b3ca-419c-b122-a5452711f148}</UniqueIdentifier>
    </Filter>
    <Filter Include="ソース ファイル\utility">
      <UniqueIdentifier>{01e1edde-a12b-4bf8-81c6-32728dc05d99}</UniqueIdentifier>
    </Filter>
    <Filter Include="ソース ファイル\camera">
      <UniqueIdentifier>{9256b543-9060-4dbc-9095-98144393b80c}</UniqueIdentifier>
    </Filter>
    <Filter Include="ソース ファイル\imp">
      <UniqueIdentifier>{e695932f-11ed-4fc0-bdab-beb5a21f5e1b}</UniqueIdentifier>
    </Filter>
    <Filter Include="ソース ファイル\src">
      <UniqueIdentifier>{c68b3aa1-bf3f-4a7a-bcec-179ee1f1fb9a}</UniqueIdentifier>
    </Filter>
    <Filter Include="ヘッダー ファイル\model">
      <UniqueIdentifier>{1bd98f19-f049-4881-b587-356d836e21e8}</UniqueIdentifier>
    </Filter>
    <Filter Include="ヘッダー ファイル\camera">
      <UniqueIdentifier>{acce8c54-4d9a-43ee-b962-d989e77ee858}</UniqueIdentifier>
    </Filter>
    <Filter Include="ヘッダー ファイル\imp">
      <UniqueIdentifier>{0bb55b68-01d5-4f49-814a-f63bace29a40}</UniqueIdentifier>
    </Filter>
    <Filter Include="ヘッダー ファイル\utility">
      <UniqueIdentifier>{5fd6802c-3251-4f9c-9223-4e9c4ff4be1c}</UniqueIdentifier>
    </Filter>
    <Filter Include="ヘッダー ファイル\renderer">
      <UniqueIdentifier>{b7a48b5a-ac00-468a-b61c-63499a100333}</UniqueIdentifier>
    </Filter>
    <Filter Include="ヘッダー ファイル\src">
      <UniqueIdentifier>{32b99680-89d9-47b9-ac87-25f0c8ddf9db}</UniqueIdentifier>
    </Filter>
    <Filter Include="ソース ファイル\Scene">
      <UniqueIdentifier>{5f066591-337e-48e2-ae19-241c377c98e5}</UniqueIdentifier>
    </Filter>
    <Filter Include="ヘッダー ファイル\Scene">
      <UniqueIdentifier>{ea1aaef4-1915-4c10-b2fc-3f7799d16b25}</UniqueIdentifier>
    </Filter>
  </ItemGroup>
  <ItemGroup>
    <ClCompile Include="stb_image.cpp">
      <Filter>ソース ファイル</Filter>
    </ClCompile>
    <ClCompile Include="TestCube.cpp">
      <Filter>ソース ファイル\model</Filter>
    </ClCompile>
    <ClCompile Include="TestPlane.cpp">
      <Filter>ソース ファイル\model</Filter>
    </ClCompile>
    <ClCompile Include="TestModel.cpp">
      <Filter>ソース ファイル\model</Filter>
    </ClCompile>
    <ClCompile Include="Camera.cpp">
      <Filter>ソース ファイル\camera</Filter>
    </ClCompile>
    <ClCompile Include="main.cpp">
      <Filter>ソース ファイル\src</Filter>
    </ClCompile>
    <ClCompile Include="Renderer.cpp">
      <Filter>ソース ファイル\renderer</Filter>
    </ClCompile>
    <ClCompile Include="Shader.cpp">
      <Filter>ソース ファイル\renderer</Filter>
    </ClCompile>
    <ClCompile Include="Texture.cpp">
      <Filter>ソース ファイル\renderer</Filter>
    </ClCompile>
    <ClCompile Include="StaticMesh.cpp">
      <Filter>ソース ファイル\geometry</Filter>
    </ClCompile>
    <ClCompile Include="AssimpPerse.cpp">
      <Filter>ソース ファイル\imp</Filter>
    </ClCompile>
    <ClCompile Include="utility.cpp">
      <Filter>ソース ファイル\utility</Filter>
    </ClCompile>
    <ClCompile Include="dx11helper.cpp">
      <Filter>ソース ファイル\renderer</Filter>
    </ClCompile>
    <ClCompile Include="GolfBall.cpp">
      <Filter>ソース ファイル\model</Filter>
    </ClCompile>
    <ClCompile Include="Object.cpp">
      <Filter>ソース ファイル\model</Filter>
    </ClCompile>
    <ClCompile Include="Ground.cpp">
      <Filter>ソース ファイル\model</Filter>
    </ClCompile>
    <ClCompile Include="input.cpp">
      <Filter>ソース ファイル</Filter>
    </ClCompile>
    <ClCompile Include="Collision.cpp">
      <Filter>ソース ファイル</Filter>
    </ClCompile>
    <ClCompile Include="Game.cpp">
      <Filter>ソース ファイル</Filter>
    </ClCompile>
    <ClCompile Include="Texture2D.cpp">
      <Filter>ソース ファイル</Filter>
    </ClCompile>
    <ClCompile Include="Scene.cpp">
      <Filter>ソース ファイル\Scene</Filter>
    </ClCompile>
    <ClCompile Include="Stage1Scene.cpp">
      <Filter>ソース ファイル\Scene</Filter>
    </ClCompile>
    <ClCompile Include="ResultScene.cpp">
      <Filter>ソース ファイル\Scene</Filter>
    </ClCompile>
    <ClCompile Include="TitleScene.cpp">
      <Filter>ソース ファイル\Scene</Filter>
    </ClCompile>
    <ClCompile Include="Application.cpp">
      <Filter>ソース ファイル\src</Filter>
    </ClCompile>
    <ClCompile Include="Arrow.cpp">
      <Filter>ソース ファイル</Filter>
    </ClCompile>
  </ItemGroup>
  <ItemGroup>
    <ClInclude Include="stb_image.h">
      <Filter>ヘッダー ファイル</Filter>
    </ClInclude>
    <ClInclude Include="TestCube.h">
      <Filter>ヘッダー ファイル\model</Filter>
    </ClInclude>
    <ClInclude Include="TestModel.h">
      <Filter>ヘッダー ファイル\model</Filter>
    </ClInclude>
    <ClInclude Include="Camera.h">
      <Filter>ヘッダー ファイル\camera</Filter>
    </ClInclude>
    <ClInclude Include="AssimpPerse.h">
      <Filter>ヘッダー ファイル\imp</Filter>
    </ClInclude>
    <ClInclude Include="utility.h">
      <Filter>ヘッダー ファイル\utility</Filter>
    </ClInclude>
    <ClInclude Include="Renderer.h">
      <Filter>ヘッダー ファイル\renderer</Filter>
    </ClInclude>
    <ClInclude Include="Shader.h">
      <Filter>ヘッダー ファイル\renderer</Filter>
    </ClInclude>
    <ClInclude Include="Texture.h">
      <Filter>ヘッダー ファイル\renderer</Filter>
    </ClInclude>
    <ClInclude Include="dx11helper.h">
      <Filter>ヘッダー ファイル\renderer</Filter>
    </ClInclude>
    <ClInclude Include="Application.h">
      <Filter>ヘッダー ファイル\src</Filter>
    </ClInclude>
    <ClInclude Include="main.h">
      <Filter>ヘッダー ファイル\src</Filter>
    </ClInclude>
    <ClInclude Include="Mesh.h">
      <Filter>ヘッダー ファイル\renderer</Filter>
    </ClInclude>
    <ClInclude Include="MeshRenderer.h">
      <Filter>ヘッダー ファイル\renderer</Filter>
    </ClInclude>
    <ClInclude Include="IndexBuffer.h">
      <Filter>ヘッダー ファイル\renderer</Filter>
    </ClInclude>
    <ClInclude Include="VertexBuffer.h">
      <Filter>ヘッダー ファイル\renderer</Filter>
    </ClInclude>
    <ClInclude Include="StaticMesh.h">
      <Filter>ヘッダー ファイル\model</Filter>
    </ClInclude>
    <ClInclude Include="Material.h">
      <Filter>ヘッダー ファイル\renderer</Filter>
    </ClInclude>
    <ClInclude Include="GolfBall.h">
      <Filter>ヘッダー ファイル\model</Filter>
    </ClInclude>
    <ClInclude Include="Object.h">
      <Filter>ヘッダー ファイル\model</Filter>
    </ClInclude>
    <ClInclude Include="Ground.h">
      <Filter>ヘッダー ファイル\model</Filter>
    </ClInclude>
    <ClInclude Include="TestPlane.h">
      <Filter>ヘッダー ファイル\model</Filter>
    </ClInclude>
    <ClInclude Include="input.h">
      <Filter>ヘッダー ファイル</Filter>
    </ClInclude>
    <ClInclude Include="Collision.h">
      <Filter>ヘッダー ファイル</Filter>
    </ClInclude>
    <ClInclude Include="Game.h">
      <Filter>ヘッダー ファイル</Filter>
    </ClInclude>
    <ClInclude Include="Texture2D.h">
      <Filter>ヘッダー ファイル</Filter>
    </ClInclude>
    <ClInclude Include="TitleScene.h">
      <Filter>ヘッダー ファイル\Scene</Filter>
    </ClInclude>
    <ClInclude Include="ResultScene.h">
      <Filter>ヘッダー ファイル\Scene</Filter>
    </ClInclude>
    <ClInclude Include="Stage1Scene.h">
      <Filter>ヘッダー ファイル\Scene</Filter>
    </ClInclude>
    <ClInclude Include="Scene.h">
      <Filter>ヘッダー ファイル\Scene</Filter>
    </ClInclude>
    <ClInclude Include="Arrow.h">
      <Filter>ヘッダー ファイル</Filter>
    </ClInclude>
  </ItemGroup>
  <ItemGroup>
    <FxCompile Include="shader\common.hlsl">
      <Filter>リソース ファイル</Filter>
    </FxCompile>
    <FxCompile Include="shader\unlitTexturePS.hlsl">
      <Filter>リソース ファイル</Filter>
    </FxCompile>
    <FxCompile Include="shader\unlitTextureVS.hlsl">
      <Filter>リソース ファイル</Filter>
    </FxCompile>
    <FxCompile Include="shader\litTexturePS.hlsl">
      <Filter>リソース ファイル</Filter>
    </FxCompile>
    <FxCompile Include="shader\litTextureVS.hlsl">
      <Filter>リソース ファイル</Filter>
    </FxCompile>
  </ItemGroup>
  <ItemGroup>
    <Text Include="back.txt">
      <Filter>ソース ファイル</Filter>
    </Text>
  </ItemGroup>
</Project>